// !$*UTF8*$!
{
	archiveVersion = 1;
	classes = {
	};
	objectVersion = 55;
	objects = {

/* Begin PBXBuildFile section */
		955F0BAC27ED7C7F00E40A74 /* StudyViewModel.swift in Sources */ = {isa = PBXBuildFile; fileRef = 955F0BAB27ED7C7F00E40A74 /* StudyViewModel.swift */; };
		955F0BB027ED7DAD00E40A74 /* StudyModel.swift in Sources */ = {isa = PBXBuildFile; fileRef = 955F0BAF27ED7DAD00E40A74 /* StudyModel.swift */; };
		955F0BB227ED7E5700E40A74 /* StudyTableViewCell.swift in Sources */ = {isa = PBXBuildFile; fileRef = 955F0BB127ED7E5700E40A74 /* StudyTableViewCell.swift */; };
		955F0BB427ED838B00E40A74 /* computer.json in Resources */ = {isa = PBXBuildFile; fileRef = 955F0BB327ED838B00E40A74 /* computer.json */; };
		955F0BB627F00FA300E40A74 /* noMessage.json in Resources */ = {isa = PBXBuildFile; fileRef = 955F0BB527F00FA200E40A74 /* noMessage.json */; };
		955F0BB927F0160800E40A74 /* LaunchScreenViewController.swift in Sources */ = {isa = PBXBuildFile; fileRef = 955F0BB827F0160800E40A74 /* LaunchScreenViewController.swift */; };
		955F0BBB27F0164800E40A74 /* together.json in Resources */ = {isa = PBXBuildFile; fileRef = 955F0BBA27F0164800E40A74 /* together.json */; };
		955F0BBD27F0604800E40A74 /* StudyCollectionViewCell.swift in Sources */ = {isa = PBXBuildFile; fileRef = 955F0BBC27F0604700E40A74 /* StudyCollectionViewCell.swift */; };
		955F0BBF27F062DF00E40A74 /* social.json in Resources */ = {isa = PBXBuildFile; fileRef = 955F0BBE27F062DF00E40A74 /* social.json */; };
		955F0BC127F109EB00E40A74 /* StudyDetailViewController.swift in Sources */ = {isa = PBXBuildFile; fileRef = 955F0BC027F109EB00E40A74 /* StudyDetailViewController.swift */; };
		955F0BC527F12C2000E40A74 /* all.json in Resources */ = {isa = PBXBuildFile; fileRef = 955F0BC427F12C2000E40A74 /* all.json */; };
		955F0BC727F12D7B00E40A74 /* engr.json in Resources */ = {isa = PBXBuildFile; fileRef = 955F0BC627F12D7B00E40A74 /* engr.json */; };
		95E4E2EF27BDEFE0002EBDA0 /* AppDelegate.swift in Sources */ = {isa = PBXBuildFile; fileRef = 95E4E2EE27BDEFE0002EBDA0 /* AppDelegate.swift */; };
		95E4E2F127BDEFE0002EBDA0 /* SceneDelegate.swift in Sources */ = {isa = PBXBuildFile; fileRef = 95E4E2F027BDEFE0002EBDA0 /* SceneDelegate.swift */; };
		95E4E2F327BDEFE0002EBDA0 /* StudyViewController.swift in Sources */ = {isa = PBXBuildFile; fileRef = 95E4E2F227BDEFE0002EBDA0 /* StudyViewController.swift */; };
		95E4E2F627BDEFE1002EBDA0 /* Main.storyboard in Resources */ = {isa = PBXBuildFile; fileRef = 95E4E2F427BDEFE1002EBDA0 /* Main.storyboard */; };
		95E4E2F827BDEFE7002EBDA0 /* Assets.xcassets in Resources */ = {isa = PBXBuildFile; fileRef = 95E4E2F727BDEFE7002EBDA0 /* Assets.xcassets */; };
		95E4E2FB27BDEFE7002EBDA0 /* LaunchScreen.storyboard in Resources */ = {isa = PBXBuildFile; fileRef = 95E4E2F927BDEFE7002EBDA0 /* LaunchScreen.storyboard */; };
		95E4E30627E194E0002EBDA0 /* FeatureProvider.swift in Sources */ = {isa = PBXBuildFile; fileRef = 95E4E30527E194E0002EBDA0 /* FeatureProvider.swift */; };
		95E4E30927E2FE54002EBDA0 /* MessageViewController.swift in Sources */ = {isa = PBXBuildFile; fileRef = 95E4E30827E2FE54002EBDA0 /* MessageViewController.swift */; };
		D97795F68769F279A6974BEC /* Pods_Find_Study_Group.framework in Frameworks */ = {isa = PBXBuildFile; fileRef = E667563DEF497C9662175A96 /* Pods_Find_Study_Group.framework */; };
/* End PBXBuildFile section */

/* Begin PBXFileReference section */
		493D76FBC0B44ABDB7D8F906 /* Pods-Find Study Group.release.xcconfig */ = {isa = PBXFileReference; includeInIndex = 1; lastKnownFileType = text.xcconfig; name = "Pods-Find Study Group.release.xcconfig"; path = "Target Support Files/Pods-Find Study Group/Pods-Find Study Group.release.xcconfig"; sourceTree = "<group>"; };
		5D85F36AC43FD93ADCB9D98B /* Pods-Find Study Group.debug.xcconfig */ = {isa = PBXFileReference; includeInIndex = 1; lastKnownFileType = text.xcconfig; name = "Pods-Find Study Group.debug.xcconfig"; path = "Target Support Files/Pods-Find Study Group/Pods-Find Study Group.debug.xcconfig"; sourceTree = "<group>"; };
		955F0BAB27ED7C7F00E40A74 /* StudyViewModel.swift */ = {isa = PBXFileReference; lastKnownFileType = sourcecode.swift; path = StudyViewModel.swift; sourceTree = "<group>"; };
		955F0BAF27ED7DAD00E40A74 /* StudyModel.swift */ = {isa = PBXFileReference; lastKnownFileType = sourcecode.swift; path = StudyModel.swift; sourceTree = "<group>"; };
		955F0BB127ED7E5700E40A74 /* StudyTableViewCell.swift */ = {isa = PBXFileReference; lastKnownFileType = sourcecode.swift; path = StudyTableViewCell.swift; sourceTree = "<group>"; };
		955F0BB327ED838B00E40A74 /* computer.json */ = {isa = PBXFileReference; lastKnownFileType = text.json; path = computer.json; sourceTree = "<group>"; };
		955F0BB527F00FA200E40A74 /* noMessage.json */ = {isa = PBXFileReference; fileEncoding = 4; lastKnownFileType = text.json; name = noMessage.json; path = ../../../noMessage.json; sourceTree = "<group>"; };
		955F0BB827F0160800E40A74 /* LaunchScreenViewController.swift */ = {isa = PBXFileReference; lastKnownFileType = sourcecode.swift; path = LaunchScreenViewController.swift; sourceTree = "<group>"; };
		955F0BBA27F0164800E40A74 /* together.json */ = {isa = PBXFileReference; fileEncoding = 4; lastKnownFileType = text.json; name = together.json; path = ../../../together.json; sourceTree = "<group>"; };
		955F0BBC27F0604700E40A74 /* StudyCollectionViewCell.swift */ = {isa = PBXFileReference; lastKnownFileType = sourcecode.swift; path = StudyCollectionViewCell.swift; sourceTree = "<group>"; };
		955F0BBE27F062DF00E40A74 /* social.json */ = {isa = PBXFileReference; lastKnownFileType = text.json; path = social.json; sourceTree = "<group>"; };
		955F0BC027F109EB00E40A74 /* StudyDetailViewController.swift */ = {isa = PBXFileReference; lastKnownFileType = sourcecode.swift; path = StudyDetailViewController.swift; sourceTree = "<group>"; };
		955F0BC427F12C2000E40A74 /* all.json */ = {isa = PBXFileReference; lastKnownFileType = text.json; path = all.json; sourceTree = "<group>"; };
		955F0BC627F12D7B00E40A74 /* engr.json */ = {isa = PBXFileReference; lastKnownFileType = text.json; path = engr.json; sourceTree = "<group>"; };
		95E4E2EB27BDEFE0002EBDA0 /* Find Study Group.app */ = {isa = PBXFileReference; explicitFileType = wrapper.application; includeInIndex = 0; path = "Find Study Group.app"; sourceTree = BUILT_PRODUCTS_DIR; };
		95E4E2EE27BDEFE0002EBDA0 /* AppDelegate.swift */ = {isa = PBXFileReference; lastKnownFileType = sourcecode.swift; path = AppDelegate.swift; sourceTree = "<group>"; };
		95E4E2F027BDEFE0002EBDA0 /* SceneDelegate.swift */ = {isa = PBXFileReference; lastKnownFileType = sourcecode.swift; path = SceneDelegate.swift; sourceTree = "<group>"; };
		95E4E2F227BDEFE0002EBDA0 /* StudyViewController.swift */ = {isa = PBXFileReference; lastKnownFileType = sourcecode.swift; path = StudyViewController.swift; sourceTree = "<group>"; };
		95E4E2F527BDEFE1002EBDA0 /* Base */ = {isa = PBXFileReference; lastKnownFileType = file.storyboard; name = Base; path = Base.lproj/Main.storyboard; sourceTree = "<group>"; };
		95E4E2F727BDEFE7002EBDA0 /* Assets.xcassets */ = {isa = PBXFileReference; lastKnownFileType = folder.assetcatalog; path = Assets.xcassets; sourceTree = "<group>"; };
		95E4E2FA27BDEFE7002EBDA0 /* Base */ = {isa = PBXFileReference; lastKnownFileType = file.storyboard; name = Base; path = Base.lproj/LaunchScreen.storyboard; sourceTree = "<group>"; };
		95E4E2FC27BDEFE7002EBDA0 /* Info.plist */ = {isa = PBXFileReference; lastKnownFileType = text.plist.xml; path = Info.plist; sourceTree = "<group>"; };
		95E4E30527E194E0002EBDA0 /* FeatureProvider.swift */ = {isa = PBXFileReference; lastKnownFileType = sourcecode.swift; path = FeatureProvider.swift; sourceTree = "<group>"; };
		95E4E30827E2FE54002EBDA0 /* MessageViewController.swift */ = {isa = PBXFileReference; lastKnownFileType = sourcecode.swift; path = MessageViewController.swift; sourceTree = "<group>"; };
		E667563DEF497C9662175A96 /* Pods_Find_Study_Group.framework */ = {isa = PBXFileReference; explicitFileType = wrapper.framework; includeInIndex = 0; path = Pods_Find_Study_Group.framework; sourceTree = BUILT_PRODUCTS_DIR; };
/* End PBXFileReference section */

/* Begin PBXFrameworksBuildPhase section */
		95E4E2E827BDEFE0002EBDA0 /* Frameworks */ = {
			isa = PBXFrameworksBuildPhase;
			buildActionMask = 2147483647;
			files = (
				D97795F68769F279A6974BEC /* Pods_Find_Study_Group.framework in Frameworks */,
			);
			runOnlyForDeploymentPostprocessing = 0;
		};
/* End PBXFrameworksBuildPhase section */

/* Begin PBXGroup section */
		2BB58B15029A493718D7B614 /* Pods */ = {
			isa = PBXGroup;
			children = (
				5D85F36AC43FD93ADCB9D98B /* Pods-Find Study Group.debug.xcconfig */,
				493D76FBC0B44ABDB7D8F906 /* Pods-Find Study Group.release.xcconfig */,
			);
			path = Pods;
			sourceTree = "<group>";
		};
		78987F3AB14402023C804377 /* Frameworks */ = {
			isa = PBXGroup;
			children = (
				E667563DEF497C9662175A96 /* Pods_Find_Study_Group.framework */,
			);
			name = Frameworks;
			sourceTree = "<group>";
		};
		955F0BB727F015EA00E40A74 /* LaunchScreen */ = {
			isa = PBXGroup;
			children = (
				95E4E2F927BDEFE7002EBDA0 /* LaunchScreen.storyboard */,
				955F0BB827F0160800E40A74 /* LaunchScreenViewController.swift */,
			);
			path = LaunchScreen;
			sourceTree = "<group>";
		};
		95E4E2E227BDEFE0002EBDA0 = {
			isa = PBXGroup;
			children = (
				95E4E2ED27BDEFE0002EBDA0 /* Find Study Group */,
				95E4E2EC27BDEFE0002EBDA0 /* Products */,
				2BB58B15029A493718D7B614 /* Pods */,
				78987F3AB14402023C804377 /* Frameworks */,
			);
			sourceTree = "<group>";
		};
		95E4E2EC27BDEFE0002EBDA0 /* Products */ = {
			isa = PBXGroup;
			children = (
				95E4E2EB27BDEFE0002EBDA0 /* Find Study Group.app */,
			);
			name = Products;
			sourceTree = "<group>";
		};
		95E4E2ED27BDEFE0002EBDA0 /* Find Study Group */ = {
			isa = PBXGroup;
			children = (
				955F0BB727F015EA00E40A74 /* LaunchScreen */,
				95E4E2EE27BDEFE0002EBDA0 /* AppDelegate.swift */,
				95E4E2F027BDEFE0002EBDA0 /* SceneDelegate.swift */,
				95E4E30427DEBA03002EBDA0 /* StoryBoard */,
				95E4E30327DEB9DD002EBDA0 /* MainScreen */,
				95E4E30727E2FE2A002EBDA0 /* MessageScreen */,
				95E4E30227DEB9D0002EBDA0 /* Asset */,
				95E4E2FC27BDEFE7002EBDA0 /* Info.plist */,
				95E4E30527E194E0002EBDA0 /* FeatureProvider.swift */,
				955F0BBA27F0164800E40A74 /* together.json */,
				955F0BB527F00FA200E40A74 /* noMessage.json */,
				955F0BBE27F062DF00E40A74 /* social.json */,
				955F0BB327ED838B00E40A74 /* computer.json */,
				955F0BC427F12C2000E40A74 /* all.json */,
				955F0BC627F12D7B00E40A74 /* engr.json */,
			);
			path = "Find Study Group";
			sourceTree = "<group>";
		};
		95E4E30227DEB9D0002EBDA0 /* Asset */ = {
			isa = PBXGroup;
			children = (
				95E4E2F727BDEFE7002EBDA0 /* Assets.xcassets */,
			);
			path = Asset;
			sourceTree = "<group>";
		};
		95E4E30327DEB9DD002EBDA0 /* MainScreen */ = {
			isa = PBXGroup;
			children = (
				95E4E2F227BDEFE0002EBDA0 /* StudyViewController.swift */,
				955F0BAB27ED7C7F00E40A74 /* StudyViewModel.swift */,
				955F0BAF27ED7DAD00E40A74 /* StudyModel.swift */,
				955F0BB127ED7E5700E40A74 /* StudyTableViewCell.swift */,
				955F0BBC27F0604700E40A74 /* StudyCollectionViewCell.swift */,
				955F0BC027F109EB00E40A74 /* StudyDetailViewController.swift */,
			);
			path = MainScreen;
			sourceTree = "<group>";
		};
		95E4E30427DEBA03002EBDA0 /* StoryBoard */ = {
			isa = PBXGroup;
			children = (
				95E4E2F427BDEFE1002EBDA0 /* Main.storyboard */,
			);
			path = StoryBoard;
			sourceTree = "<group>";
		};
		95E4E30727E2FE2A002EBDA0 /* MessageScreen */ = {
			isa = PBXGroup;
			children = (
				95E4E30827E2FE54002EBDA0 /* MessageViewController.swift */,
			);
			path = MessageScreen;
			sourceTree = "<group>";
		};
/* End PBXGroup section */

/* Begin PBXNativeTarget section */
		95E4E2EA27BDEFE0002EBDA0 /* Find Study Group */ = {
			isa = PBXNativeTarget;
			buildConfigurationList = 95E4E2FF27BDEFE7002EBDA0 /* Build configuration list for PBXNativeTarget "Find Study Group" */;
			buildPhases = (
				6DB48D16818AF2893437DA98 /* [CP] Check Pods Manifest.lock */,
				95E4E2E727BDEFE0002EBDA0 /* Sources */,
				95E4E2E827BDEFE0002EBDA0 /* Frameworks */,
				95E4E2E927BDEFE0002EBDA0 /* Resources */,
				60C3AF78289BAF3E7C696C7E /* [CP] Embed Pods Frameworks */,
			);
			buildRules = (
			);
			dependencies = (
			);
			name = "Find Study Group";
			productName = "Find Study Group";
			productReference = 95E4E2EB27BDEFE0002EBDA0 /* Find Study Group.app */;
			productType = "com.apple.product-type.application";
		};
/* End PBXNativeTarget section */

/* Begin PBXProject section */
		95E4E2E327BDEFE0002EBDA0 /* Project object */ = {
			isa = PBXProject;
			attributes = {
				BuildIndependentTargetsInParallel = 1;
				LastSwiftUpdateCheck = 1300;
				LastUpgradeCheck = 1300;
				TargetAttributes = {
					95E4E2EA27BDEFE0002EBDA0 = {
						CreatedOnToolsVersion = 13.0;
					};
				};
			};
			buildConfigurationList = 95E4E2E627BDEFE0002EBDA0 /* Build configuration list for PBXProject "Find Study Group" */;
			compatibilityVersion = "Xcode 13.0";
			developmentRegion = en;
			hasScannedForEncodings = 0;
			knownRegions = (
				en,
				Base,
			);
			mainGroup = 95E4E2E227BDEFE0002EBDA0;
			productRefGroup = 95E4E2EC27BDEFE0002EBDA0 /* Products */;
			projectDirPath = "";
			projectRoot = "";
			targets = (
				95E4E2EA27BDEFE0002EBDA0 /* Find Study Group */,
			);
		};
/* End PBXProject section */

/* Begin PBXResourcesBuildPhase section */
		95E4E2E927BDEFE0002EBDA0 /* Resources */ = {
			isa = PBXResourcesBuildPhase;
			buildActionMask = 2147483647;
			files = (
				95E4E2FB27BDEFE7002EBDA0 /* LaunchScreen.storyboard in Resources */,
				955F0BC527F12C2000E40A74 /* all.json in Resources */,
				955F0BBF27F062DF00E40A74 /* social.json in Resources */,
				95E4E2F827BDEFE7002EBDA0 /* Assets.xcassets in Resources */,
				955F0BB627F00FA300E40A74 /* noMessage.json in Resources */,
				955F0BBB27F0164800E40A74 /* together.json in Resources */,
				95E4E2F627BDEFE1002EBDA0 /* Main.storyboard in Resources */,
				955F0BC727F12D7B00E40A74 /* engr.json in Resources */,
				955F0BB427ED838B00E40A74 /* computer.json in Resources */,
			);
			runOnlyForDeploymentPostprocessing = 0;
		};
/* End PBXResourcesBuildPhase section */

/* Begin PBXShellScriptBuildPhase section */
		60C3AF78289BAF3E7C696C7E /* [CP] Embed Pods Frameworks */ = {
			isa = PBXShellScriptBuildPhase;
			buildActionMask = 2147483647;
			files = (
			);
			inputFileListPaths = (
				"${PODS_ROOT}/Target Support Files/Pods-Find Study Group/Pods-Find Study Group-frameworks-${CONFIGURATION}-input-files.xcfilelist",
			);
			name = "[CP] Embed Pods Frameworks";
			outputFileListPaths = (
				"${PODS_ROOT}/Target Support Files/Pods-Find Study Group/Pods-Find Study Group-frameworks-${CONFIGURATION}-output-files.xcfilelist",
			);
			runOnlyForDeploymentPostprocessing = 0;
			shellPath = /bin/sh;
			shellScript = "\"${PODS_ROOT}/Target Support Files/Pods-Find Study Group/Pods-Find Study Group-frameworks.sh\"\n";
			showEnvVarsInLog = 0;
		};
		6DB48D16818AF2893437DA98 /* [CP] Check Pods Manifest.lock */ = {
			isa = PBXShellScriptBuildPhase;
			buildActionMask = 2147483647;
			files = (
			);
			inputFileListPaths = (
			);
			inputPaths = (
				"${PODS_PODFILE_DIR_PATH}/Podfile.lock",
				"${PODS_ROOT}/Manifest.lock",
			);
			name = "[CP] Check Pods Manifest.lock";
			outputFileListPaths = (
			);
			outputPaths = (
				"$(DERIVED_FILE_DIR)/Pods-Find Study Group-checkManifestLockResult.txt",
			);
			runOnlyForDeploymentPostprocessing = 0;
			shellPath = /bin/sh;
			shellScript = "diff \"${PODS_PODFILE_DIR_PATH}/Podfile.lock\" \"${PODS_ROOT}/Manifest.lock\" > /dev/null\nif [ $? != 0 ] ; then\n    # print error to STDERR\n    echo \"error: The sandbox is not in sync with the Podfile.lock. Run 'pod install' or update your CocoaPods installation.\" >&2\n    exit 1\nfi\n# This output is used by Xcode 'outputs' to avoid re-running this script phase.\necho \"SUCCESS\" > \"${SCRIPT_OUTPUT_FILE_0}\"\n";
			showEnvVarsInLog = 0;
		};
/* End PBXShellScriptBuildPhase section */

/* Begin PBXSourcesBuildPhase section */
		95E4E2E727BDEFE0002EBDA0 /* Sources */ = {
			isa = PBXSourcesBuildPhase;
			buildActionMask = 2147483647;
			files = (
				95E4E2F327BDEFE0002EBDA0 /* StudyViewController.swift in Sources */,
				955F0BBD27F0604800E40A74 /* StudyCollectionViewCell.swift in Sources */,
				95E4E2EF27BDEFE0002EBDA0 /* AppDelegate.swift in Sources */,
				95E4E2F127BDEFE0002EBDA0 /* SceneDelegate.swift in Sources */,
				95E4E30627E194E0002EBDA0 /* FeatureProvider.swift in Sources */,
				955F0BC127F109EB00E40A74 /* StudyDetailViewController.swift in Sources */,
				955F0BAC27ED7C7F00E40A74 /* StudyViewModel.swift in Sources */,
				955F0BB027ED7DAD00E40A74 /* StudyModel.swift in Sources */,
				95E4E30927E2FE54002EBDA0 /* MessageViewController.swift in Sources */,
				955F0BB927F0160800E40A74 /* LaunchScreenViewController.swift in Sources */,
				955F0BB227ED7E5700E40A74 /* StudyTableViewCell.swift in Sources */,
			);
			runOnlyForDeploymentPostprocessing = 0;
		};
/* End PBXSourcesBuildPhase section */

/* Begin PBXVariantGroup section */
		95E4E2F427BDEFE1002EBDA0 /* Main.storyboard */ = {
			isa = PBXVariantGroup;
			children = (
				95E4E2F527BDEFE1002EBDA0 /* Base */,
			);
			name = Main.storyboard;
			sourceTree = "<group>";
		};
		95E4E2F927BDEFE7002EBDA0 /* LaunchScreen.storyboard */ = {
			isa = PBXVariantGroup;
			children = (
				95E4E2FA27BDEFE7002EBDA0 /* Base */,
			);
			name = LaunchScreen.storyboard;
			sourceTree = "<group>";
		};
/* End PBXVariantGroup section */

/* Begin XCBuildConfiguration section */
		95E4E2FD27BDEFE7002EBDA0 /* Debug */ = {
			isa = XCBuildConfiguration;
			buildSettings = {
				ALWAYS_SEARCH_USER_PATHS = NO;
				CLANG_ANALYZER_NONNULL = YES;
				CLANG_ANALYZER_NUMBER_OBJECT_CONVERSION = YES_AGGRESSIVE;
				CLANG_CXX_LANGUAGE_STANDARD = "gnu++17";
				CLANG_CXX_LIBRARY = "libc++";
				CLANG_ENABLE_MODULES = YES;
				CLANG_ENABLE_OBJC_ARC = YES;
				CLANG_ENABLE_OBJC_WEAK = YES;
				CLANG_WARN_BLOCK_CAPTURE_AUTORELEASING = YES;
				CLANG_WARN_BOOL_CONVERSION = YES;
				CLANG_WARN_COMMA = YES;
				CLANG_WARN_CONSTANT_CONVERSION = YES;
				CLANG_WARN_DEPRECATED_OBJC_IMPLEMENTATIONS = YES;
				CLANG_WARN_DIRECT_OBJC_ISA_USAGE = YES_ERROR;
				CLANG_WARN_DOCUMENTATION_COMMENTS = YES;
				CLANG_WARN_EMPTY_BODY = YES;
				CLANG_WARN_ENUM_CONVERSION = YES;
				CLANG_WARN_INFINITE_RECURSION = YES;
				CLANG_WARN_INT_CONVERSION = YES;
				CLANG_WARN_NON_LITERAL_NULL_CONVERSION = YES;
				CLANG_WARN_OBJC_IMPLICIT_RETAIN_SELF = YES;
				CLANG_WARN_OBJC_LITERAL_CONVERSION = YES;
				CLANG_WARN_OBJC_ROOT_CLASS = YES_ERROR;
				CLANG_WARN_QUOTED_INCLUDE_IN_FRAMEWORK_HEADER = YES;
				CLANG_WARN_RANGE_LOOP_ANALYSIS = YES;
				CLANG_WARN_STRICT_PROTOTYPES = YES;
				CLANG_WARN_SUSPICIOUS_MOVE = YES;
				CLANG_WARN_UNGUARDED_AVAILABILITY = YES_AGGRESSIVE;
				CLANG_WARN_UNREACHABLE_CODE = YES;
				CLANG_WARN__DUPLICATE_METHOD_MATCH = YES;
				COPY_PHASE_STRIP = NO;
				DEBUG_INFORMATION_FORMAT = dwarf;
				ENABLE_STRICT_OBJC_MSGSEND = YES;
				ENABLE_TESTABILITY = YES;
				GCC_C_LANGUAGE_STANDARD = gnu11;
				GCC_DYNAMIC_NO_PIC = NO;
				GCC_NO_COMMON_BLOCKS = YES;
				GCC_OPTIMIZATION_LEVEL = 0;
				GCC_PREPROCESSOR_DEFINITIONS = (
					"DEBUG=1",
					"$(inherited)",
				);
				GCC_WARN_64_TO_32_BIT_CONVERSION = YES;
				GCC_WARN_ABOUT_RETURN_TYPE = YES_ERROR;
				GCC_WARN_UNDECLARED_SELECTOR = YES;
				GCC_WARN_UNINITIALIZED_AUTOS = YES_AGGRESSIVE;
				GCC_WARN_UNUSED_FUNCTION = YES;
				GCC_WARN_UNUSED_VARIABLE = YES;
				IPHONEOS_DEPLOYMENT_TARGET = 15.0;
				MTL_ENABLE_DEBUG_INFO = INCLUDE_SOURCE;
				MTL_FAST_MATH = YES;
				ONLY_ACTIVE_ARCH = YES;
				SDKROOT = iphoneos;
				SWIFT_ACTIVE_COMPILATION_CONDITIONS = DEBUG;
				SWIFT_OPTIMIZATION_LEVEL = "-Onone";
			};
			name = Debug;
		};
		95E4E2FE27BDEFE7002EBDA0 /* Release */ = {
			isa = XCBuildConfiguration;
			buildSettings = {
				ALWAYS_SEARCH_USER_PATHS = NO;
				CLANG_ANALYZER_NONNULL = YES;
				CLANG_ANALYZER_NUMBER_OBJECT_CONVERSION = YES_AGGRESSIVE;
				CLANG_CXX_LANGUAGE_STANDARD = "gnu++17";
				CLANG_CXX_LIBRARY = "libc++";
				CLANG_ENABLE_MODULES = YES;
				CLANG_ENABLE_OBJC_ARC = YES;
				CLANG_ENABLE_OBJC_WEAK = YES;
				CLANG_WARN_BLOCK_CAPTURE_AUTORELEASING = YES;
				CLANG_WARN_BOOL_CONVERSION = YES;
				CLANG_WARN_COMMA = YES;
				CLANG_WARN_CONSTANT_CONVERSION = YES;
				CLANG_WARN_DEPRECATED_OBJC_IMPLEMENTATIONS = YES;
				CLANG_WARN_DIRECT_OBJC_ISA_USAGE = YES_ERROR;
				CLANG_WARN_DOCUMENTATION_COMMENTS = YES;
				CLANG_WARN_EMPTY_BODY = YES;
				CLANG_WARN_ENUM_CONVERSION = YES;
				CLANG_WARN_INFINITE_RECURSION = YES;
				CLANG_WARN_INT_CONVERSION = YES;
				CLANG_WARN_NON_LITERAL_NULL_CONVERSION = YES;
				CLANG_WARN_OBJC_IMPLICIT_RETAIN_SELF = YES;
				CLANG_WARN_OBJC_LITERAL_CONVERSION = YES;
				CLANG_WARN_OBJC_ROOT_CLASS = YES_ERROR;
				CLANG_WARN_QUOTED_INCLUDE_IN_FRAMEWORK_HEADER = YES;
				CLANG_WARN_RANGE_LOOP_ANALYSIS = YES;
				CLANG_WARN_STRICT_PROTOTYPES = YES;
				CLANG_WARN_SUSPICIOUS_MOVE = YES;
				CLANG_WARN_UNGUARDED_AVAILABILITY = YES_AGGRESSIVE;
				CLANG_WARN_UNREACHABLE_CODE = YES;
				CLANG_WARN__DUPLICATE_METHOD_MATCH = YES;
				COPY_PHASE_STRIP = NO;
				DEBUG_INFORMATION_FORMAT = "dwarf-with-dsym";
				ENABLE_NS_ASSERTIONS = NO;
				ENABLE_STRICT_OBJC_MSGSEND = YES;
				GCC_C_LANGUAGE_STANDARD = gnu11;
				GCC_NO_COMMON_BLOCKS = YES;
				GCC_WARN_64_TO_32_BIT_CONVERSION = YES;
				GCC_WARN_ABOUT_RETURN_TYPE = YES_ERROR;
				GCC_WARN_UNDECLARED_SELECTOR = YES;
				GCC_WARN_UNINITIALIZED_AUTOS = YES_AGGRESSIVE;
				GCC_WARN_UNUSED_FUNCTION = YES;
				GCC_WARN_UNUSED_VARIABLE = YES;
				IPHONEOS_DEPLOYMENT_TARGET = 15.0;
				MTL_ENABLE_DEBUG_INFO = NO;
				MTL_FAST_MATH = YES;
				SDKROOT = iphoneos;
				SWIFT_COMPILATION_MODE = wholemodule;
				SWIFT_OPTIMIZATION_LEVEL = "-O";
				VALIDATE_PRODUCT = YES;
			};
			name = Release;
		};
		95E4E30027BDEFE7002EBDA0 /* Debug */ = {
			isa = XCBuildConfiguration;
			baseConfigurationReference = 5D85F36AC43FD93ADCB9D98B /* Pods-Find Study Group.debug.xcconfig */;
			buildSettings = {
				ASSETCATALOG_COMPILER_APPICON_NAME = AppIcon;
				ASSETCATALOG_COMPILER_GLOBAL_ACCENT_COLOR_NAME = AccentColor;
				CODE_SIGN_IDENTITY = "Apple Development";
				CODE_SIGN_STYLE = Automatic;
				CURRENT_PROJECT_VERSION = 1;
				DEVELOPMENT_TEAM = M5Z7JPLW6N;
				GENERATE_INFOPLIST_FILE = YES;
				INFOPLIST_FILE = "Find Study Group/Info.plist";
				INFOPLIST_KEY_CFBundleDisplayName = OTOF;
				INFOPLIST_KEY_UIApplicationSupportsIndirectInputEvents = YES;
				INFOPLIST_KEY_UILaunchStoryboardName = LaunchScreen;
				INFOPLIST_KEY_UIMainStoryboardFile = Main;
				INFOPLIST_KEY_UISupportedInterfaceOrientations = UIInterfaceOrientationPortrait;
				INFOPLIST_KEY_UISupportedInterfaceOrientations_iPad = "UIInterfaceOrientationPortrait UIInterfaceOrientationPortraitUpsideDown UIInterfaceOrientationLandscapeLeft UIInterfaceOrientationLandscapeRight";
				INFOPLIST_KEY_UISupportedInterfaceOrientations_iPhone = "UIInterfaceOrientationPortrait UIInterfaceOrientationLandscapeLeft UIInterfaceOrientationLandscapeRight";
				LD_RUNPATH_SEARCH_PATHS = (
					"$(inherited)",
					"@executable_path/Frameworks",
				);
				MARKETING_VERSION = 1.0;
				PRODUCT_BUNDLE_IDENTIFIER = "com.dennis-hong.Find-Study-Group";
				PRODUCT_NAME = "$(TARGET_NAME)";
				PROVISIONING_PROFILE_SPECIFIER = "";
				SWIFT_EMIT_LOC_STRINGS = YES;
				SWIFT_VERSION = 5.0;
				TARGETED_DEVICE_FAMILY = 1;
			};
			name = Debug;
		};
		95E4E30127BDEFE7002EBDA0 /* Release */ = {
			isa = XCBuildConfiguration;
			baseConfigurationReference = 493D76FBC0B44ABDB7D8F906 /* Pods-Find Study Group.release.xcconfig */;
			buildSettings = {
				ASSETCATALOG_COMPILER_APPICON_NAME = AppIcon;
				ASSETCATALOG_COMPILER_GLOBAL_ACCENT_COLOR_NAME = AccentColor;
				CODE_SIGN_IDENTITY = "Apple Development";
				CODE_SIGN_STYLE = Automatic;
				CURRENT_PROJECT_VERSION = 1;
				DEVELOPMENT_TEAM = M5Z7JPLW6N;
				GENERATE_INFOPLIST_FILE = YES;
				INFOPLIST_FILE = "Find Study Group/Info.plist";
				INFOPLIST_KEY_CFBundleDisplayName = OTOF;
				INFOPLIST_KEY_UIApplicationSupportsIndirectInputEvents = YES;
				INFOPLIST_KEY_UILaunchStoryboardName = LaunchScreen;
				INFOPLIST_KEY_UIMainStoryboardFile = Main;
				INFOPLIST_KEY_UISupportedInterfaceOrientations = UIInterfaceOrientationPortrait;
				INFOPLIST_KEY_UISupportedInterfaceOrientations_iPad = "UIInterfaceOrientationPortrait UIInterfaceOrientationPortraitUpsideDown UIInterfaceOrientationLandscapeLeft UIInterfaceOrientationLandscapeRight";
				INFOPLIST_KEY_UISupportedInterfaceOrientations_iPhone = "UIInterfaceOrientationPortrait UIInterfaceOrientationLandscapeLeft UIInterfaceOrientationLandscapeRight";
				LD_RUNPATH_SEARCH_PATHS = (
					"$(inherited)",
					"@executable_path/Frameworks",
				);
				MARKETING_VERSION = 1.0;
				PRODUCT_BUNDLE_IDENTIFIER = "com.dennis-hong.Find-Study-Group";
				PRODUCT_NAME = "$(TARGET_NAME)";
				PROVISIONING_PROFILE_SPECIFIER = "";
				SWIFT_EMIT_LOC_STRINGS = YES;
				SWIFT_VERSION = 5.0;
				TARGETED_DEVICE_FAMILY = 1;
			};
			name = Release;
		};
/* End XCBuildConfiguration section */

/* Begin XCConfigurationList section */
		95E4E2E627BDEFE0002EBDA0 /* Build configuration list for PBXProject "Find Study Group" */ = {
			isa = XCConfigurationList;
			buildConfigurations = (
				95E4E2FD27BDEFE7002EBDA0 /* Debug */,
				95E4E2FE27BDEFE7002EBDA0 /* Release */,
			);
			defaultConfigurationIsVisible = 0;
			defaultConfigurationName = Release;
		};
		95E4E2FF27BDEFE7002EBDA0 /* Build configuration list for PBXNativeTarget "Find Study Group" */ = {
			isa = XCConfigurationList;
			buildConfigurations = (
				95E4E30027BDEFE7002EBDA0 /* Debug */,
				95E4E30127BDEFE7002EBDA0 /* Release */,
			);
			defaultConfigurationIsVisible = 0;
			defaultConfigurationName = Release;
		};
/* End XCConfigurationList section */
	};
	rootObject = 95E4E2E327BDEFE0002EBDA0 /* Project object */;
}
